// !$*UTF8*$!
{
	archiveVersion = 1;
	classes = {
	};
	objectVersion = 50;
	objects = {

/* Begin PBXBuildFile section */
		EB4930BC25242B6F00C879E2 /* AppDelegate.swift in Sources */ = {isa = PBXBuildFile; fileRef = EB4930BB25242B6F00C879E2 /* AppDelegate.swift */; };
		EB4930BE25242B6F00C879E2 /* SceneDelegate.swift in Sources */ = {isa = PBXBuildFile; fileRef = EB4930BD25242B6F00C879E2 /* SceneDelegate.swift */; };
		EB4930C025242B6F00C879E2 /* ViewController.swift in Sources */ = {isa = PBXBuildFile; fileRef = EB4930BF25242B6F00C879E2 /* ViewController.swift */; };
		EB4930C325242B6F00C879E2 /* Main.storyboard in Resources */ = {isa = PBXBuildFile; fileRef = EB4930C125242B6F00C879E2 /* Main.storyboard */; };
		EB4930C625242B6F00C879E2 /* Expense_Tracker.xcdatamodeld in Sources */ = {isa = PBXBuildFile; fileRef = EB4930C425242B6F00C879E2 /* Expense_Tracker.xcdatamodeld */; };
		EB4930C825242B7200C879E2 /* Assets.xcassets in Resources */ = {isa = PBXBuildFile; fileRef = EB4930C725242B7200C879E2 /* Assets.xcassets */; };
		EB4930CB25242B7200C879E2 /* LaunchScreen.storyboard in Resources */ = {isa = PBXBuildFile; fileRef = EB4930C925242B7200C879E2 /* LaunchScreen.storyboard */; };
/* End PBXBuildFile section */

/* Begin PBXFileReference section */
		EB4930B825242B6F00C879E2 /* Expense Tracker.app */ = {isa = PBXFileReference; explicitFileType = wrapper.application; includeInIndex = 0; path = "Expense Tracker.app"; sourceTree = BUILT_PRODUCTS_DIR; };
		EB4930BB25242B6F00C879E2 /* AppDelegate.swift */ = {isa = PBXFileReference; lastKnownFileType = sourcecode.swift; path = AppDelegate.swift; sourceTree = "<group>"; };
		EB4930BD25242B6F00C879E2 /* SceneDelegate.swift */ = {isa = PBXFileReference; lastKnownFileType = sourcecode.swift; path = SceneDelegate.swift; sourceTree = "<group>"; };
		EB4930BF25242B6F00C879E2 /* ViewController.swift */ = {isa = PBXFileReference; lastKnownFileType = sourcecode.swift; path = ViewController.swift; sourceTree = "<group>"; };
		EB4930C225242B6F00C879E2 /* Base */ = {isa = PBXFileReference; lastKnownFileType = file.storyboard; name = Base; path = Base.lproj/Main.storyboard; sourceTree = "<group>"; };
		EB4930C525242B6F00C879E2 /* Expense_Tracker.xcdatamodel */ = {isa = PBXFileReference; lastKnownFileType = wrapper.xcdatamodel; path = Expense_Tracker.xcdatamodel; sourceTree = "<group>"; };
		EB4930C725242B7200C879E2 /* Assets.xcassets */ = {isa = PBXFileReference; lastKnownFileType = folder.assetcatalog; path = Assets.xcassets; sourceTree = "<group>"; };
		EB4930CA25242B7200C879E2 /* Base */ = {isa = PBXFileReference; lastKnownFileType = file.storyboard; name = Base; path = Base.lproj/LaunchScreen.storyboard; sourceTree = "<group>"; };
		EB4930CC25242B7200C879E2 /* Info.plist */ = {isa = PBXFileReference; lastKnownFileType = text.plist.xml; path = Info.plist; sourceTree = "<group>"; };
/* End PBXFileReference section */

/* Begin PBXFrameworksBuildPhase section */
		EB4930B525242B6F00C879E2 /* Frameworks */ = {
			isa = PBXFrameworksBuildPhase;
			buildActionMask = 2147483647;
			files = (
			);
			runOnlyForDeploymentPostprocessing = 0;
		};
/* End PBXFrameworksBuildPhase section */

/* Begin PBXGroup section */
		EB4930AF25242B6F00C879E2 = {
			isa = PBXGroup;
			children = (
				EB4930BA25242B6F00C879E2 /* Expense Tracker */,
				EB4930B925242B6F00C879E2 /* Products */,
			);
			sourceTree = "<group>";
		};
		EB4930B925242B6F00C879E2 /* Products */ = {
			isa = PBXGroup;
			children = (
				EB4930B825242B6F00C879E2 /* Expense Tracker.app */,
			);
			name = Products;
			sourceTree = "<group>";
		};
		EB4930BA25242B6F00C879E2 /* Expense Tracker */ = {
			isa = PBXGroup;
			children = (
				EB4930BB25242B6F00C879E2 /* AppDelegate.swift */,
				EB4930BD25242B6F00C879E2 /* SceneDelegate.swift */,
				EB4930BF25242B6F00C879E2 /* ViewController.swift */,
				EB4930C125242B6F00C879E2 /* Main.storyboard */,
				EB4930C725242B7200C879E2 /* Assets.xcassets */,
				EB4930C925242B7200C879E2 /* LaunchScreen.storyboard */,
				EB4930CC25242B7200C879E2 /* Info.plist */,
				EB4930C425242B6F00C879E2 /* Expense_Tracker.xcdatamodeld */,
			);
			path = "Expense Tracker";
			sourceTree = "<group>";
		};
/* End PBXGroup section */

/* Begin PBXNativeTarget section */
		EB4930B725242B6F00C879E2 /* Expense Tracker */ = {
			isa = PBXNativeTarget;
			buildConfigurationList = EB4930CF25242B7200C879E2 /* Build configuration list for PBXNativeTarget "Expense Tracker" */;
			buildPhases = (
				EB4930B425242B6F00C879E2 /* Sources */,
				EB4930B525242B6F00C879E2 /* Frameworks */,
				EB4930B625242B6F00C879E2 /* Resources */,
			);
			buildRules = (
			);
			dependencies = (
			);
			name = "Expense Tracker";
			productName = "Expense Tracker";
			productReference = EB4930B825242B6F00C879E2 /* Expense Tracker.app */;
			productType = "com.apple.product-type.application";
		};
/* End PBXNativeTarget section */

/* Begin PBXProject section */
		EB4930B025242B6F00C879E2 /* Project object */ = {
			isa = PBXProject;
			attributes = {
				LastSwiftUpdateCheck = 1160;
				LastUpgradeCheck = 1160;
				ORGANIZATIONNAME = "MD Tanvir Alam";
				TargetAttributes = {
					EB4930B725242B6F00C879E2 = {
						CreatedOnToolsVersion = 11.6;
					};
				};
			};
			buildConfigurationList = EB4930B325242B6F00C879E2 /* Build configuration list for PBXProject "Expense Tracker" */;
			compatibilityVersion = "Xcode 9.3";
			developmentRegion = en;
			hasScannedForEncodings = 0;
			knownRegions = (
				en,
				Base,
			);
			mainGroup = EB4930AF25242B6F00C879E2;
			productRefGroup = EB4930B925242B6F00C879E2 /* Products */;
			projectDirPath = "";
			projectRoot = "";
			targets = (
				EB4930B725242B6F00C879E2 /* Expense Tracker */,
			);
		};
/* End PBXProject section */

/* Begin PBXResourcesBuildPhase section */
		EB4930B625242B6F00C879E2 /* Resources */ = {
			isa = PBXResourcesBuildPhase;
			buildActionMask = 2147483647;
			files = (
				EB4930CB25242B7200C879E2 /* LaunchScreen.storyboard in Resources */,
				EB4930C825242B7200C879E2 /* Assets.xcassets in Resources */,
				EB4930C325242B6F00C879E2 /* Main.storyboard in Resources */,
			);
			runOnlyForDeploymentPostprocessing = 0;
		};
/* End PBXResourcesBuildPhase section */

/* Begin PBXSourcesBuildPhase section */
		EB4930B425242B6F00C879E2 /* Sources */ = {
			isa = PBXSourcesBuildPhase;
			buildActionMask = 2147483647;
			files = (
				EB4930C025242B6F00C879E2 /* ViewController.swift in Sources */,
				EB4930BC25242B6F00C879E2 /* AppDelegate.swift in Sources */,
				EB4930BE25242B6F00C879E2 /* SceneDelegate.swift in Sources */,
				EB4930C625242B6F00C879E2 /* Expense_Tracker.xcdatamodeld in Sources */,
			);
			runOnlyForDeploymentPostprocessing = 0;
		};
/* End PBXSourcesBuildPhase section */

/* Begin PBXVariantGroup section */
		EB4930C125242B6F00C879E2 /* Main.storyboard */ = {
			isa = PBXVariantGroup;
			children = (
				EB4930C225242B6F00C879E2 /* Base */,
			);
			name = Main.storyboard;
			sourceTree = "<group>";
		};
		EB4930C925242B7200C879E2 /* LaunchScreen.storyboard */ = {
			isa = PBXVariantGroup;
			children = (
				EB4930CA25242B7200C879E2 /* Base */,
			);
			name = LaunchScreen.storyboard;
			sourceTree = "<group>";
		};
/* End PBXVariantGroup section */

/* Begin XCBuildConfiguration section */
		EB4930CD25242B7200C879E2 /* Debug */ = {
			isa = XCBuildConfiguration;
			buildSettings = {
				ALWAYS_SEARCH_USER_PATHS = NO;
				CLANG_ANALYZER_NONNULL = YES;
				CLANG_ANALYZER_NUMBER_OBJECT_CONVERSION = YES_AGGRESSIVE;
				CLANG_CXX_LANGUAGE_STANDARD = "gnu++14";
				CLANG_CXX_LIBRARY = "libc++";
				CLANG_ENABLE_MODULES = YES;
				CLANG_ENABLE_OBJC_ARC = YES;
				CLANG_ENABLE_OBJC_WEAK = YES;
				CLANG_WARN_BLOCK_CAPTURE_AUTORELEASING = YES;
				CLANG_WARN_BOOL_CONVERSION = YES;
				CLANG_WARN_COMMA = YES;
				CLANG_WARN_CONSTANT_CONVERSION = YES;
				CLANG_WARN_DEPRECATED_OBJC_IMPLEMENTATIONS = YES;
				CLANG_WARN_DIRECT_OBJC_ISA_USAGE = YES_ERROR;
				CLANG_WARN_DOCUMENTATION_COMMENTS = YES;
				CLANG_WARN_EMPTY_BODY = YES;
				CLANG_WARN_ENUM_CONVERSION = YES;
				CLANG_WARN_INFINITE_RECURSION = YES;
				CLANG_WARN_INT_CONVERSION = YES;
				CLANG_WARN_NON_LITERAL_NULL_CONVERSION = YES;
				CLANG_WARN_OBJC_IMPLICIT_RETAIN_SELF = YES;
				CLANG_WARN_OBJC_LITERAL_CONVERSION = YES;
				CLANG_WARN_OBJC_ROOT_CLASS = YES_ERROR;
				CLANG_WARN_RANGE_LOOP_ANALYSIS = YES;
				CLANG_WARN_STRICT_PROTOTYPES = YES;
				CLANG_WARN_SUSPICIOUS_MOVE = YES;
				CLANG_WARN_UNGUARDED_AVAILABILITY = YES_AGGRESSIVE;
				CLANG_WARN_UNREACHABLE_CODE = YES;
				CLANG_WARN__DUPLICATE_METHOD_MATCH = YES;
				COPY_PHASE_STRIP = NO;
				DEBUG_INFORMATION_FORMAT = dwarf;
				ENABLE_STRICT_OBJC_MSGSEND = YES;
				ENABLE_TESTABILITY = YES;
				GCC_C_LANGUAGE_STANDARD = gnu11;
				GCC_DYNAMIC_NO_PIC = NO;
				GCC_NO_COMMON_BLOCKS = YES;
				GCC_OPTIMIZATION_LEVEL = 0;
				GCC_PREPROCESSOR_DEFINITIONS = (
					"DEBUG=1",
					"$(inherited)",
				);
				GCC_WARN_64_TO_32_BIT_CONVERSION = YES;
				GCC_WARN_ABOUT_RETURN_TYPE = YES_ERROR;
				GCC_WARN_UNDECLARED_SELECTOR = YES;
				GCC_WARN_UNINITIALIZED_AUTOS = YES_AGGRESSIVE;
				GCC_WARN_UNUSED_FUNCTION = YES;
				GCC_WARN_UNUSED_VARIABLE = YES;
				IPHONEOS_DEPLOYMENT_TARGET = 13.6;
				MTL_ENABLE_DEBUG_INFO = INCLUDE_SOURCE;
				MTL_FAST_MATH = YES;
				ONLY_ACTIVE_ARCH = YES;
				SDKROOT = iphoneos;
				SWIFT_ACTIVE_COMPILATION_CONDITIONS = DEBUG;
				SWIFT_OPTIMIZATION_LEVEL = "-Onone";
			};
			name = Debug;
		};
		EB4930CE25242B7200C879E2 /* Release */ = {
			isa = XCBuildConfiguration;
			buildSettings = {
				ALWAYS_SEARCH_USER_PATHS = NO;
				CLANG_ANALYZER_NONNULL = YES;
				CLANG_ANALYZER_NUMBER_OBJECT_CONVERSION = YES_AGGRESSIVE;
				CLANG_CXX_LANGUAGE_STANDARD = "gnu++14";
				CLANG_CXX_LIBRARY = "libc++";
				CLANG_ENABLE_MODULES = YES;
				CLANG_ENABLE_OBJC_ARC = YES;
				CLANG_ENABLE_OBJC_WEAK = YES;
				CLANG_WARN_BLOCK_CAPTURE_AUTORELEASING = YES;
				CLANG_WARN_BOOL_CONVERSION = YES;
				CLANG_WARN_COMMA = YES;
				CLANG_WARN_CONSTANT_CONVERSION = YES;
				CLANG_WARN_DEPRECATED_OBJC_IMPLEMENTATIONS = YES;
				CLANG_WARN_DIRECT_OBJC_ISA_USAGE = YES_ERROR;
				CLANG_WARN_DOCUMENTATION_COMMENTS = YES;
				CLANG_WARN_EMPTY_BODY = YES;
				CLANG_WARN_ENUM_CONVERSION = YES;
				CLANG_WARN_INFINITE_RECURSION = YES;
				CLANG_WARN_INT_CONVERSION = YES;
				CLANG_WARN_NON_LITERAL_NULL_CONVERSION = YES;
				CLANG_WARN_OBJC_IMPLICIT_RETAIN_SELF = YES;
				CLANG_WARN_OBJC_LITERAL_CONVERSION = YES;
				CLANG_WARN_OBJC_ROOT_CLASS = YES_ERROR;
				CLANG_WARN_RANGE_LOOP_ANALYSIS = YES;
				CLANG_WARN_STRICT_PROTOTYPES = YES;
				CLANG_WARN_SUSPICIOUS_MOVE = YES;
				CLANG_WARN_UNGUARDED_AVAILABILITY = YES_AGGRESSIVE;
				CLANG_WARN_UNREACHABLE_CODE = YES;
				CLANG_WARN__DUPLICATE_METHOD_MATCH = YES;
				COPY_PHASE_STRIP = NO;
				DEBUG_INFORMATION_FORMAT = "dwarf-with-dsym";
				ENABLE_NS_ASSERTIONS = NO;
				ENABLE_STRICT_OBJC_MSGSEND = YES;
				GCC_C_LANGUAGE_STANDARD = gnu11;
				GCC_NO_COMMON_BLOCKS = YES;
				GCC_WARN_64_TO_32_BIT_CONVERSION = YES;
				GCC_WARN_ABOUT_RETURN_TYPE = YES_ERROR;
				GCC_WARN_UNDECLARED_SELECTOR = YES;
				GCC_WARN_UNINITIALIZED_AUTOS = YES_AGGRESSIVE;
				GCC_WARN_UNUSED_FUNCTION = YES;
				GCC_WARN_UNUSED_VARIABLE = YES;
				IPHONEOS_DEPLOYMENT_TARGET = 13.6;
				MTL_ENABLE_DEBUG_INFO = NO;
				MTL_FAST_MATH = YES;
				SDKROOT = iphoneos;
				SWIFT_COMPILATION_MODE = wholemodule;
				SWIFT_OPTIMIZATION_LEVEL = "-O";
				VALIDATE_PRODUCT = YES;
			};
			name = Release;
		};
		EB4930D025242B7200C879E2 /* Debug */ = {
			isa = XCBuildConfiguration;
			buildSettings = {
				ASSETCATALOG_COMPILER_APPICON_NAME = AppIcon;
				CODE_SIGN_STYLE = Automatic;
				DEVELOPMENT_TEAM = K924X73642;
				INFOPLIST_FILE = "Expense Tracker/Info.plist";
				LD_RUNPATH_SEARCH_PATHS = (
					"$(inherited)",
					"@executable_path/Frameworks",
				);
				PRODUCT_BUNDLE_IDENTIFIER = "com.tanvirgeek.Expense-Tracker";
				PRODUCT_NAME = "$(TARGET_NAME)";
				SWIFT_VERSION = 5.0;
				TARGETED_DEVICE_FAMILY = "1,2";
			};
			name = Debug;
		};
		EB4930D125242B7200C879E2 /* Release */ = {
			isa = XCBuildConfiguration;
			buildSettings = {
				ASSETCATALOG_COMPILER_APPICON_NAME = AppIcon;
				CODE_SIGN_STYLE = Automatic;
				DEVELOPMENT_TEAM = K924X73642;
				INFOPLIST_FILE = "Expense Tracker/Info.plist";
				LD_RUNPATH_SEARCH_PATHS = (
					"$(inherited)",
					"@executable_path/Frameworks",
				);
				PRODUCT_BUNDLE_IDENTIFIER = "com.tanvirgeek.Expense-Tracker";
				PRODUCT_NAME = "$(TARGET_NAME)";
				SWIFT_VERSION = 5.0;
				TARGETED_DEVICE_FAMILY = "1,2";
			};
			name = Release;
		};
/* End XCBuildConfiguration section */

/* Begin XCConfigurationList section */
		EB4930B325242B6F00C879E2 /* Build configuration list for PBXProject "Expense Tracker" */ = {
			isa = XCConfigurationList;
			buildConfigurations = (
				EB4930CD25242B7200C879E2 /* Debug */,
				EB4930CE25242B7200C879E2 /* Release */,
			);
			defaultConfigurationIsVisible = 0;
			defaultConfigurationName = Release;
		};
		EB4930CF25242B7200C879E2 /* Build configuration list for PBXNativeTarget "Expense Tracker" */ = {
			isa = XCConfigurationList;
			buildConfigurations = (
				EB4930D025242B7200C879E2 /* Debug */,
				EB4930D125242B7200C879E2 /* Release */,
			);
			defaultConfigurationIsVisible = 0;
			defaultConfigurationName = Release;
		};
/* End XCConfigurationList section */

/* Begin XCVersionGroup section */
		EB4930C425242B6F00C879E2 /* Expense_Tracker.xcdatamodeld */ = {
			isa = XCVersionGroup;
			children = (
				EB4930C525242B6F00C879E2 /* Expense_Tracker.xcdatamodel */,
			);
			currentVersion = EB4930C525242B6F00C879E2 /* Expense_Tracker.xcdatamodel */;
			path = Expense_Tracker.xcdatamodeld;
			sourceTree = "<group>";
			versionGroupType = wrapper.xcdatamodel;
		};
/* End XCVersionGroup section */
	};
	rootObject = EB4930B025242B6F00C879E2 /* Project object */;
}
